
Microsoft Visual Studio Solution File, Format Version 12.00
# Visual Studio Version 17
VisualStudioVersion = 17.3.32819.101
MinimumVisualStudioVersion = 10.0.40219.1
Project("{9A19103F-16F7-4668-BE54-9A1E7A4F7556}") = "Func.Isolated.Net7.Without.AI", "Func.Isolated.Net7.Without.AI\Func.Isolated.Net7.Without.AI.csproj", "{ACC9EF85-6184-448F-B3D4-234CBC3A051B}"
EndProject
Project("{9A19103F-16F7-4668-BE54-9A1E7A4F7556}") = "Func.Isolated.Net7.With.AI", "Func.Isolated.Net7.With.AI\Func.Isolated.Net7.With.AI.csproj", "{1097154A-82CE-4120-8C12-F4A3DF488B60}"
EndProject
Project("{9A19103F-16F7-4668-BE54-9A1E7A4F7556}") = "Func.InProcess.Net6.With.AI", "Func.InProcess.Net6.With.AI\Func.InProcess.Net6.With.AI.csproj", "{F096B9B1-FA17-4913-88B9-748C6FEC5966}"
EndProject
Project("{FAE04EC0-301F-11D3-BF4B-00C04F79EFBC}") = "Func.Isolated.Net8.With.AI", "Func.Isolated.Net8.With.AI\Func.Isolated.Net8.With.AI.csproj", "{D028BF7E-E557-411E-919D-4473A616A539}"
EndProject
Global
	GlobalSection(SolutionConfigurationPlatforms) = preSolution
		Debug|Any CPU = Debug|Any CPU
		Release|Any CPU = Release|Any CPU
	EndGlobalSection
	GlobalSection(ProjectConfigurationPlatforms) = postSolution
		{ACC9EF85-6184-448F-B3D4-234CBC3A051B}.Debug|Any CPU.ActiveCfg = Debug|Any CPU
		{ACC9EF85-6184-448F-B3D4-234CBC3A051B}.Debug|Any CPU.Build.0 = Debug|Any CPU
		{ACC9EF85-6184-448F-B3D4-234CBC3A051B}.Release|Any CPU.ActiveCfg = Release|Any CPU
		{ACC9EF85-6184-448F-B3D4-234CBC3A051B}.Release|Any CPU.Build.0 = Release|Any CPU
		{1097154A-82CE-4120-8C12-F4A3DF488B60}.Debug|Any CPU.ActiveCfg = Debug|Any CPU
		{1097154A-82CE-4120-8C12-F4A3DF488B60}.Debug|Any CPU.Build.0 = Debug|Any CPU
		{1097154A-82CE-4120-8C12-F4A3DF488B60}.Release|Any CPU.ActiveCfg = Release|Any CPU
		{1097154A-82CE-4120-8C12-F4A3DF488B60}.Release|Any CPU.Build.0 = Release|Any CPU
		{F096B9B1-FA17-4913-88B9-748C6FEC5966}.Debug|Any CPU.ActiveCfg = Debug|Any CPU
		{F096B9B1-FA17-4913-88B9-748C6FEC5966}.Debug|Any CPU.Build.0 = Debug|Any CPU
		{F096B9B1-FA17-4913-88B9-748C6FEC5966}.Release|Any CPU.ActiveCfg = Release|Any CPU
		{F096B9B1-FA17-4913-88B9-748C6FEC5966}.Release|Any CPU.Build.0 = Release|Any CPU
		{D028BF7E-E557-411E-919D-4473A616A539}.Debug|Any CPU.ActiveCfg = Debug|Any CPU
		{D028BF7E-E557-411E-919D-4473A616A539}.Debug|Any CPU.Build.0 = Debug|Any CPU
		{D028BF7E-E557-411E-919D-4473A616A539}.Release|Any CPU.ActiveCfg = Release|Any CPU
		{D028BF7E-E557-411E-919D-4473A616A539}.Release|Any CPU.Build.0 = Release|Any CPU
	EndGlobalSection
	GlobalSection(SolutionProperties) = preSolution
		HideSolutionNode = FALSE
	EndGlobalSection
	GlobalSection(ExtensibilityGlobals) = postSolution
		SolutionGuid = {A03CB719-A5E7-4B80-A519-667B666BC15A}
	EndGlobalSection
EndGlobal
