
Microsoft Visual Studio Solution File, Format Version 12.00
# Visual Studio Version 17
VisualStudioVersion = 17.3.32819.101
MinimumVisualStudioVersion = 10.0.40219.1
Project("{FAE04EC0-301F-11D3-BF4B-00C04F79EFBC}") = "AzureFunctionIsolatedLoggingTest", "AzureFunctionIsolatedLoggingTest\AzureFunctionIsolatedLoggingTest.csproj", "{271B16EA-857D-4B3A-8765-EFF656B2B14B}"
EndProject
Global
	GlobalSection(SolutionConfigurationPlatforms) = preSolution
		Debug|Any CPU = Debug|Any CPU
		Release|Any CPU = Release|Any CPU
	EndGlobalSection
	GlobalSection(ProjectConfigurationPlatforms) = postSolution
		{271B16EA-857D-4B3A-8765-EFF656B2B14B}.Debug|Any CPU.ActiveCfg = Debug|Any CPU
		{271B16EA-857D-4B3A-8765-EFF656B2B14B}.Debug|Any CPU.Build.0 = Debug|Any CPU
		{271B16EA-857D-4B3A-8765-EFF656B2B14B}.Release|Any CPU.ActiveCfg = Release|Any CPU
		{271B16EA-857D-4B3A-8765-EFF656B2B14B}.Release|Any CPU.Build.0 = Release|Any CPU
	EndGlobalSection
	GlobalSection(SolutionProperties) = preSolution
		HideSolutionNode = FALSE
	EndGlobalSection
	GlobalSection(ExtensibilityGlobals) = postSolution
		SolutionGuid = {A03CB719-A5E7-4B80-A519-667B666BC15A}
	EndGlobalSection
EndGlobal
